{
    "_readme": [
        "This file locks the dependencies of your project to a known state",
        "Read more about it at https://getcomposer.org/doc/01-basic-usage.md#installing-dependencies",
        "This file is @generated automatically"
    ],
    "content-hash": "d7e5a4d0a06cbe4edc80d7c24069ec7d",
    "packages": [
        {
            "name": "bnf/slim3-psr15",
            "version": "1.0.0",
            "source": {
                "type": "git",
                "url": "https://github.com/bnf/slim3-psr15.git",
                "reference": "3f2c9c6e42c395a4aaa8cddbffc25a14b632a6ac"
            },
            "dist": {
                "type": "zip",
                "url": "https://api.github.com/repos/bnf/slim3-psr15/zipball/3f2c9c6e42c395a4aaa8cddbffc25a14b632a6ac",
                "reference": "3f2c9c6e42c395a4aaa8cddbffc25a14b632a6ac",
                "shasum": ""
            },
            "require": {
                "psr/http-message": "^1.0",
                "psr/http-server-middleware": "^1.0",
                "slim/slim": "^3.8"
            },
            "type": "library",
            "autoload": {
                "psr-4": {
                    "Bnf\\Slim3Psr15\\": "src"
                }
            },
            "notification-url": "https://packagist.org/downloads/",
            "license": [
                "MIT"
            ],
            "authors": [
                {
                    "name": "Benjamin Franzke",
                    "email": "benjaminfranzke@gmail.com"
                }
            ],
            "description": "PSR-15 middleware support for Slim Framework v3",
            "keywords": [
                "framework",
                "middleware",
                "psr",
                "slim"
            ],
            "time": "2018-01-23T18:10:13+00:00"
        },
        {
            "name": "chillerlan/php-cache",
            "version": "2.0.0",
            "source": {
                "type": "git",
                "url": "https://github.com/chillerlan/php-cache.git",
                "reference": "5c1276f21b0c4274cfa157cd411bc7fb045ad61b"
            },
            "dist": {
                "type": "zip",
                "url": "https://api.github.com/repos/chillerlan/php-cache/zipball/5c1276f21b0c4274cfa157cd411bc7fb045ad61b",
                "reference": "5c1276f21b0c4274cfa157cd411bc7fb045ad61b",
                "shasum": ""
            },
            "require": {
                "chillerlan/php-traits": "^2.0",
                "php": "^7.2",
                "psr/log": "^1.0",
                "psr/simple-cache": "^1.0"
            },
            "provide": {
                "psr/simple-cache-implementation": "1.0"
            },
            "require-dev": {
                "chillerlan/php-log": "^2.0",
                "phpunit/phpunit": "^7.3"
            },
            "type": "library",
            "autoload": {
                "psr-4": {
                    "chillerlan\\SimpleCache\\": "src"
                }
            },
            "notification-url": "https://packagist.org/downloads/",
            "license": [
                "MIT"
            ],
            "authors": [
                {
                    "name": "smiley",
                    "email": "smiley@chillerlan.net",
                    "homepage": "https://github.com/codemasher"
                }
            ],
            "description": "A psr/simple-cache implementation. PHP 7.2+",
            "homepage": "https://github.com/chillerlan/php-cache",
            "keywords": [
                "PHP7",
                "cache",
                "psr-16"
            ],
            "time": "2018-08-08T22:30:41+00:00"
        },
        {
            "name": "chillerlan/php-traits",
            "version": "2.0.0",
            "source": {
                "type": "git",
                "url": "https://github.com/chillerlan/php-traits.git",
                "reference": "6136b8dc859dce04a9d6f3e0f809d3444c7a62a7"
            },
            "dist": {
                "type": "zip",
                "url": "https://api.github.com/repos/chillerlan/php-traits/zipball/6136b8dc859dce04a9d6f3e0f809d3444c7a62a7",
                "reference": "6136b8dc859dce04a9d6f3e0f809d3444c7a62a7",
                "shasum": ""
            },
            "require": {
                "ext-json": "*",
                "php": ">=7.2.0"
            },
            "require-dev": {
                "phpunit/phpunit": "^7.3"
            },
            "type": "library",
            "autoload": {
                "psr-4": {
                    "chillerlan\\Traits\\": "src/"
                }
            },
            "notification-url": "https://packagist.org/downloads/",
            "license": [
                "MIT"
            ],
            "authors": [
                {
                    "name": "smiley",
                    "email": "smiley@chillerlan.net",
                    "homepage": "https://github.com/codemasher"
                }
            ],
            "description": "Some useful traits for PHP 7.2+",
            "homepage": "https://github.com/chillerlan/php-traits",
            "keywords": [
                "PHP7",
                "container",
                "dotenv",
                "helper",
                "trait"
            ],
            "time": "2018-08-08T16:57:29+00:00"
        },
        {
            "name": "container-interop/container-interop",
            "version": "1.2.0",
            "source": {
                "type": "git",
                "url": "https://github.com/container-interop/container-interop.git",
                "reference": "79cbf1341c22ec75643d841642dd5d6acd83bdb8"
            },
            "dist": {
                "type": "zip",
                "url": "https://api.github.com/repos/container-interop/container-interop/zipball/79cbf1341c22ec75643d841642dd5d6acd83bdb8",
                "reference": "79cbf1341c22ec75643d841642dd5d6acd83bdb8",
                "shasum": ""
            },
            "require": {
                "psr/container": "^1.0"
            },
            "type": "library",
            "autoload": {
                "psr-4": {
                    "Interop\\Container\\": "src/Interop/Container/"
                }
            },
            "notification-url": "https://packagist.org/downloads/",
            "license": [
                "MIT"
            ],
            "description": "Promoting the interoperability of container objects (DIC, SL, etc.)",
            "homepage": "https://github.com/container-interop/container-interop",
            "time": "2017-02-14T19:40:03+00:00"
        },
        {
            "name": "middlewares/utils",
            "version": "v2.1.1",
            "source": {
                "type": "git",
                "url": "https://github.com/middlewares/utils.git",
                "reference": "8e3f2720fa462443e1566c9e3ab78169adcb0468"
            },
            "dist": {
                "type": "zip",
                "url": "https://api.github.com/repos/middlewares/utils/zipball/8e3f2720fa462443e1566c9e3ab78169adcb0468",
                "reference": "8e3f2720fa462443e1566c9e3ab78169adcb0468",
                "shasum": ""
            },
            "require": {
                "php": "^7.0",
                "psr/container": "^1.0",
                "psr/http-factory": "^1.0",
                "psr/http-message": "^1.0",
                "psr/http-server-middleware": "^1.0"
            },
            "require-dev": {
                "friendsofphp/php-cs-fixer": "^2.0",
                "guzzlehttp/psr7": "^1.3",
                "phpunit/phpunit": "^6.0|^7.0",
                "slim/slim": "^3.5",
                "squizlabs/php_codesniffer": "^3.0",
                "zendframework/zend-diactoros": "^1.3"
            },
            "type": "library",
            "autoload": {
                "psr-4": {
                    "Middlewares\\Utils\\": "src/"
                }
            },
            "notification-url": "https://packagist.org/downloads/",
            "license": [
                "MIT"
            ],
            "description": "Common utils to create PSR-15 middleware packages",
            "homepage": "https://github.com/middlewares/utils",
            "keywords": [
                "PSR-11",
                "http",
                "middleware",
                "psr-15",
                "psr-17",
                "psr-7"
            ],
            "time": "2018-08-11T07:23:25+00:00"
        },
        {
            "name": "ncryptf/ncryptf-php",
            "version": "dev-master",
            "source": {
                "type": "git",
                "url": "https://github.com/ncryptf/ncryptf-php.git",
                "reference": "7a793ebe537b24fa70f93835788c90c43f29dbd9"
            },
            "dist": {
                "type": "zip",
                "url": "https://api.github.com/repos/ncryptf/ncryptf-php/zipball/7a793ebe537b24fa70f93835788c90c43f29dbd9",
                "reference": "7a793ebe537b24fa70f93835788c90c43f29dbd9",
                "shasum": ""
            },
            "require": {
                "ext-sodium": ">=2.0.2",
                "middlewares/utils": "^2.1",
                "php": "^7.1 || ^7.2",
                "psr/http-server-middleware": "^1.0",
                "psr/simple-cache": "^1.0"
            },
            "require-dev": {
                "php-curl-class/php-curl-class": "^8.3",
                "phpunit/phpunit": "^7",
                "squizlabs/php_codesniffer": "^3.2",
                "wildwolf/psr-memory-cache": "*",
                "zendframework/zend-diactoros": "^1.3"
            },
            "type": "library",
            "autoload": {
                "psr-4": {
                    "ncryptf\\": "src/"
                }
            },
            "notification-url": "https://packagist.org/downloads/",
            "license": [
                "BSD-3-Clause"
            ],
            "authors": [
                {
                    "name": "Charles R. Portwood II",
                    "email": "charlesportwoodii@erianna.com"
                }
            ],
            "description": "ncryptf for PHP",
            "time": "2018-10-12T22:52:17+00:00"
        },
        {
            "name": "nikic/fast-route",
            "version": "v1.3.0",
            "source": {
                "type": "git",
                "url": "https://github.com/nikic/FastRoute.git",
                "reference": "181d480e08d9476e61381e04a71b34dc0432e812"
            },
            "dist": {
                "type": "zip",
                "url": "https://api.github.com/repos/nikic/FastRoute/zipball/181d480e08d9476e61381e04a71b34dc0432e812",
                "reference": "181d480e08d9476e61381e04a71b34dc0432e812",
                "shasum": ""
            },
            "require": {
                "php": ">=5.4.0"
            },
            "require-dev": {
                "phpunit/phpunit": "^4.8.35|~5.7"
            },
            "type": "library",
            "autoload": {
                "psr-4": {
                    "FastRoute\\": "src/"
                },
                "files": [
                    "src/functions.php"
                ]
            },
            "notification-url": "https://packagist.org/downloads/",
            "license": [
                "BSD-3-Clause"
            ],
            "authors": [
                {
                    "name": "Nikita Popov",
                    "email": "nikic@php.net"
                }
            ],
            "description": "Fast request router for PHP",
            "keywords": [
                "router",
                "routing"
            ],
            "time": "2018-02-13T20:26:39+00:00"
        },
        {
            "name": "pimple/pimple",
            "version": "v3.2.3",
            "source": {
                "type": "git",
                "url": "https://github.com/silexphp/Pimple.git",
                "reference": "9e403941ef9d65d20cba7d54e29fe906db42cf32"
            },
            "dist": {
                "type": "zip",
                "url": "https://api.github.com/repos/silexphp/Pimple/zipball/9e403941ef9d65d20cba7d54e29fe906db42cf32",
                "reference": "9e403941ef9d65d20cba7d54e29fe906db42cf32",
                "shasum": ""
            },
            "require": {
                "php": ">=5.3.0",
                "psr/container": "^1.0"
            },
            "require-dev": {
                "symfony/phpunit-bridge": "^3.2"
            },
            "type": "library",
            "extra": {
                "branch-alias": {
                    "dev-master": "3.2.x-dev"
                }
            },
            "autoload": {
                "psr-0": {
                    "Pimple": "src/"
                }
            },
            "notification-url": "https://packagist.org/downloads/",
            "license": [
                "MIT"
            ],
            "authors": [
                {
                    "name": "Fabien Potencier",
                    "email": "fabien@symfony.com"
                }
            ],
            "description": "Pimple, a simple Dependency Injection Container",
            "homepage": "http://pimple.sensiolabs.org",
            "keywords": [
                "container",
                "dependency injection"
            ],
            "time": "2018-01-21T07:42:36+00:00"
        },
        {
            "name": "psr/container",
            "version": "1.0.0",
            "source": {
                "type": "git",
                "url": "https://github.com/php-fig/container.git",
                "reference": "b7ce3b176482dbbc1245ebf52b181af44c2cf55f"
            },
            "dist": {
                "type": "zip",
                "url": "https://api.github.com/repos/php-fig/container/zipball/b7ce3b176482dbbc1245ebf52b181af44c2cf55f",
                "reference": "b7ce3b176482dbbc1245ebf52b181af44c2cf55f",
                "shasum": ""
            },
            "require": {
                "php": ">=5.3.0"
            },
            "type": "library",
            "extra": {
                "branch-alias": {
                    "dev-master": "1.0.x-dev"
                }
            },
            "autoload": {
                "psr-4": {
                    "Psr\\Container\\": "src/"
                }
            },
            "notification-url": "https://packagist.org/downloads/",
            "license": [
                "MIT"
            ],
            "authors": [
                {
                    "name": "PHP-FIG",
                    "homepage": "http://www.php-fig.org/"
                }
            ],
            "description": "Common Container Interface (PHP FIG PSR-11)",
            "homepage": "https://github.com/php-fig/container",
            "keywords": [
                "PSR-11",
                "container",
                "container-interface",
                "container-interop",
                "psr"
            ],
            "time": "2017-02-14T16:28:37+00:00"
        },
        {
            "name": "psr/http-factory",
            "version": "1.0.0",
            "source": {
                "type": "git",
                "url": "https://github.com/php-fig/http-factory.git",
                "reference": "378bfe27931ecc54ff824a20d6f6bfc303bbd04c"
            },
            "dist": {
                "type": "zip",
                "url": "https://api.github.com/repos/php-fig/http-factory/zipball/378bfe27931ecc54ff824a20d6f6bfc303bbd04c",
                "reference": "378bfe27931ecc54ff824a20d6f6bfc303bbd04c",
                "shasum": ""
            },
            "require": {
                "php": ">=7.0.0",
                "psr/http-message": "^1.0"
            },
            "type": "library",
            "extra": {
                "branch-alias": {
                    "dev-master": "1.0.x-dev"
                }
            },
            "autoload": {
                "psr-4": {
                    "Psr\\Http\\Message\\": "src/"
                }
            },
            "notification-url": "https://packagist.org/downloads/",
            "license": [
                "MIT"
            ],
            "authors": [
                {
                    "name": "PHP-FIG",
                    "homepage": "http://www.php-fig.org/"
                }
            ],
            "description": "Common interfaces for PSR-7 HTTP message factories",
            "keywords": [
                "factory",
                "http",
                "message",
                "psr",
                "psr-17",
                "psr-7",
                "request",
                "response"
            ],
            "time": "2018-07-30T21:54:04+00:00"
        },
        {
            "name": "psr/http-message",
            "version": "1.0.1",
            "source": {
                "type": "git",
                "url": "https://github.com/php-fig/http-message.git",
                "reference": "f6561bf28d520154e4b0ec72be95418abe6d9363"
            },
            "dist": {
                "type": "zip",
                "url": "https://api.github.com/repos/php-fig/http-message/zipball/f6561bf28d520154e4b0ec72be95418abe6d9363",
                "reference": "f6561bf28d520154e4b0ec72be95418abe6d9363",
                "shasum": ""
            },
            "require": {
                "php": ">=5.3.0"
            },
            "type": "library",
            "extra": {
                "branch-alias": {
                    "dev-master": "1.0.x-dev"
                }
            },
            "autoload": {
                "psr-4": {
                    "Psr\\Http\\Message\\": "src/"
                }
            },
            "notification-url": "https://packagist.org/downloads/",
            "license": [
                "MIT"
            ],
            "authors": [
                {
                    "name": "PHP-FIG",
                    "homepage": "http://www.php-fig.org/"
                }
            ],
            "description": "Common interface for HTTP messages",
            "homepage": "https://github.com/php-fig/http-message",
            "keywords": [
                "http",
                "http-message",
                "psr",
                "psr-7",
                "request",
                "response"
            ],
            "time": "2016-08-06T14:39:51+00:00"
        },
        {
            "name": "psr/http-server-handler",
            "version": "1.0.0",
            "source": {
                "type": "git",
                "url": "https://github.com/php-fig/http-server-handler.git",
                "reference": "439d92054dc06097f2406ec074a2627839955a02"
            },
            "dist": {
                "type": "zip",
                "url": "https://api.github.com/repos/php-fig/http-server-handler/zipball/439d92054dc06097f2406ec074a2627839955a02",
                "reference": "439d92054dc06097f2406ec074a2627839955a02",
                "shasum": ""
            },
            "require": {
                "php": ">=7.0",
                "psr/http-message": "^1.0"
            },
            "type": "library",
            "extra": {
                "branch-alias": {
                    "dev-master": "1.0.x-dev"
                }
            },
            "autoload": {
                "psr-4": {
                    "Psr\\Http\\Server\\": "src/"
                }
            },
            "notification-url": "https://packagist.org/downloads/",
            "license": [
                "MIT"
            ],
            "authors": [
                {
                    "name": "PHP-FIG",
                    "homepage": "http://www.php-fig.org/"
                }
            ],
            "description": "Common interface for HTTP server-side request handler",
            "keywords": [
                "handler",
                "http",
                "http-interop",
                "psr",
                "psr-15",
                "psr-7",
                "request",
                "response",
                "server"
            ],
            "time": "2018-01-22T17:04:15+00:00"
        },
        {
            "name": "psr/http-server-middleware",
            "version": "1.0.0",
            "source": {
                "type": "git",
                "url": "https://github.com/php-fig/http-server-middleware.git",
                "reference": "ea17eb1fb2c8df6db919cc578451a8013c6a0ae5"
            },
            "dist": {
                "type": "zip",
                "url": "https://api.github.com/repos/php-fig/http-server-middleware/zipball/ea17eb1fb2c8df6db919cc578451a8013c6a0ae5",
                "reference": "ea17eb1fb2c8df6db919cc578451a8013c6a0ae5",
                "shasum": ""
            },
            "require": {
                "php": ">=7.0",
                "psr/http-message": "^1.0",
                "psr/http-server-handler": "^1.0"
            },
            "type": "library",
            "extra": {
                "branch-alias": {
                    "dev-master": "1.0.x-dev"
                }
            },
            "autoload": {
                "psr-4": {
                    "Psr\\Http\\Server\\": "src/"
                }
            },
            "notification-url": "https://packagist.org/downloads/",
            "license": [
                "MIT"
            ],
            "authors": [
                {
                    "name": "PHP-FIG",
                    "homepage": "http://www.php-fig.org/"
                }
            ],
            "description": "Common interface for HTTP server-side middleware",
            "keywords": [
                "http",
                "http-interop",
                "middleware",
                "psr",
                "psr-15",
                "psr-7",
                "request",
                "response"
            ],
            "time": "2018-01-22T17:08:31+00:00"
        },
        {
            "name": "psr/log",
            "version": "1.0.2",
            "source": {
                "type": "git",
                "url": "https://github.com/php-fig/log.git",
                "reference": "4ebe3a8bf773a19edfe0a84b6585ba3d401b724d"
            },
            "dist": {
                "type": "zip",
                "url": "https://api.github.com/repos/php-fig/log/zipball/4ebe3a8bf773a19edfe0a84b6585ba3d401b724d",
                "reference": "4ebe3a8bf773a19edfe0a84b6585ba3d401b724d",
                "shasum": ""
            },
            "require": {
                "php": ">=5.3.0"
            },
            "type": "library",
            "extra": {
                "branch-alias": {
                    "dev-master": "1.0.x-dev"
                }
            },
            "autoload": {
                "psr-4": {
                    "Psr\\Log\\": "Psr/Log/"
                }
            },
            "notification-url": "https://packagist.org/downloads/",
            "license": [
                "MIT"
            ],
            "authors": [
                {
                    "name": "PHP-FIG",
                    "homepage": "http://www.php-fig.org/"
                }
            ],
            "description": "Common interface for logging libraries",
            "homepage": "https://github.com/php-fig/log",
            "keywords": [
                "log",
                "psr",
                "psr-3"
            ],
            "time": "2016-10-10T12:19:37+00:00"
        },
        {
            "name": "psr/simple-cache",
            "version": "1.0.1",
            "source": {
                "type": "git",
                "url": "https://github.com/php-fig/simple-cache.git",
                "reference": "408d5eafb83c57f6365a3ca330ff23aa4a5fa39b"
            },
            "dist": {
                "type": "zip",
                "url": "https://api.github.com/repos/php-fig/simple-cache/zipball/408d5eafb83c57f6365a3ca330ff23aa4a5fa39b",
                "reference": "408d5eafb83c57f6365a3ca330ff23aa4a5fa39b",
                "shasum": ""
            },
            "require": {
                "php": ">=5.3.0"
            },
            "type": "library",
            "extra": {
                "branch-alias": {
                    "dev-master": "1.0.x-dev"
                }
            },
            "autoload": {
                "psr-4": {
                    "Psr\\SimpleCache\\": "src/"
                }
            },
            "notification-url": "https://packagist.org/downloads/",
            "license": [
                "MIT"
            ],
            "authors": [
                {
                    "name": "PHP-FIG",
                    "homepage": "http://www.php-fig.org/"
                }
            ],
            "description": "Common interfaces for simple caching",
            "keywords": [
                "cache",
                "caching",
                "psr",
                "psr-16",
                "simple-cache"
            ],
            "time": "2017-10-23T01:57:42+00:00"
        },
        {
            "name": "slim/slim",
            "version": "3.11.0",
            "source": {
                "type": "git",
                "url": "https://github.com/slimphp/Slim.git",
                "reference": "d378e70431e78ee92ee32ddde61ecc72edf5dc0a"
            },
            "dist": {
                "type": "zip",
                "url": "https://api.github.com/repos/slimphp/Slim/zipball/d378e70431e78ee92ee32ddde61ecc72edf5dc0a",
                "reference": "d378e70431e78ee92ee32ddde61ecc72edf5dc0a",
                "shasum": ""
            },
            "require": {
                "container-interop/container-interop": "^1.2",
                "nikic/fast-route": "^1.0",
                "php": ">=5.5.0",
                "pimple/pimple": "^3.0",
                "psr/container": "^1.0",
                "psr/http-message": "^1.0"
            },
            "provide": {
                "psr/http-message-implementation": "1.0"
            },
            "require-dev": {
                "phpunit/phpunit": "^4.0",
                "squizlabs/php_codesniffer": "^2.5"
            },
            "type": "library",
            "autoload": {
                "psr-4": {
                    "Slim\\": "Slim"
                }
            },
            "notification-url": "https://packagist.org/downloads/",
            "license": [
                "MIT"
            ],
            "authors": [
                {
                    "name": "Rob Allen",
                    "email": "rob@akrabat.com",
                    "homepage": "http://akrabat.com"
                },
                {
                    "name": "Josh Lockhart",
                    "email": "hello@joshlockhart.com",
                    "homepage": "https://joshlockhart.com"
                },
                {
                    "name": "Gabriel Manricks",
                    "email": "gmanricks@me.com",
                    "homepage": "http://gabrielmanricks.com"
                },
                {
                    "name": "Andrew Smith",
                    "email": "a.smith@silentworks.co.uk",
                    "homepage": "http://silentworks.co.uk"
                }
            ],
            "description": "Slim is a PHP micro framework that helps you quickly write simple yet powerful web applications and APIs",
            "homepage": "https://slimframework.com",
            "keywords": [
                "api",
                "framework",
                "micro",
                "router"
            ],
            "time": "2018-09-16T10:54:21+00:00"
        },
        {
            "name": "zendframework/zend-diactoros",
            "version": "2.0.0",
            "source": {
                "type": "git",
                "url": "https://github.com/zendframework/zend-diactoros.git",
                "reference": "0bae78192e634774b5584f0210c1232da82cb1ff"
            },
            "dist": {
                "type": "zip",
                "url": "https://api.github.com/repos/zendframework/zend-diactoros/zipball/0bae78192e634774b5584f0210c1232da82cb1ff",
                "reference": "0bae78192e634774b5584f0210c1232da82cb1ff",
                "shasum": ""
            },
            "require": {
                "php": "^7.1",
                "psr/http-factory": "^1.0",
                "psr/http-message": "^1.0"
            },
            "provide": {
                "psr/http-factory-implementation": "1.0",
                "psr/http-message-implementation": "1.0"
            },
            "require-dev": {
                "ext-dom": "*",
                "ext-libxml": "*",
                "http-interop/http-factory-tests": "^0.5.0",
                "php-http/psr7-integration-tests": "dev-master",
                "phpunit/phpunit": "^7.0.2",
                "zendframework/zend-coding-standard": "~1.0.0"
            },
            "type": "library",
            "extra": {
                "branch-alias": {
                    "dev-master": "2.0.x-dev",
                    "dev-develop": "2.1.x-dev",
                    "dev-release-1.8": "1.8.x-dev"
                }
            },
            "autoload": {
                "files": [
                    "src/functions/create_uploaded_file.php",
                    "src/functions/marshal_headers_from_sapi.php",
                    "src/functions/marshal_method_from_sapi.php",
                    "src/functions/marshal_protocol_version_from_sapi.php",
                    "src/functions/marshal_uri_from_sapi.php",
                    "src/functions/normalize_server.php",
                    "src/functions/normalize_uploaded_files.php",
                    "src/functions/parse_cookie_header.php"
                ],
                "psr-4": {
                    "Zend\\Diactoros\\": "src/"
                }
            },
            "notification-url": "https://packagist.org/downloads/",
            "license": [
                "BSD-3-Clause"
            ],
            "description": "PSR HTTP Message implementations",
            "keywords": [
                "http",
                "psr",
                "psr-7"
            ],
            "time": "2018-09-27T19:49:04+00:00"
        }
    ],
    "packages-dev": [],
    "aliases": [],
    "minimum-stability": "dev",
    "stability-flags": {
        "ncryptf/ncryptf-php": 20
    },
    "prefer-stable": true,
    "prefer-lowest": false,
    "platform": {
        "php": "^7.2",
        "ext-redis": "*",
        "ext-sodium": "*"
    },
    "platform-dev": []
}
